
Microsoft Visual Studio Solution File, Format Version 12.00
# Visual Studio 15
VisualStudioVersion = 15.0.25807.0
MinimumVisualStudioVersion = 10.0.40219.1
Project("{2150E333-8FDC-42A3-9474-1A3956D46DE8}") = "Engine", "Engine", "{A15920DF-581F-4519-A935-520B029218D1}"
EndProject
Project("{2150E333-8FDC-42A3-9474-1A3956D46DE8}") = "Games", "Games", "{B43E19E1-9ED9-4CF1-8218-E70CF1CA4F61}"
EndProject
Project("{8BC9CEB8-8B4A-11D0-8D11-00A0C91BC942}") = "UE4", "Intermediate\ProjectFiles\UE4.vcxproj", "{3C6504DB-942B-4650-9375-AE298C70C797}"
EndProject
Project("{8BC9CEB8-8B4A-11D0-8D11-00A0C91BC942}") = "MMC_Off_Recreation", "Intermediate\ProjectFiles\MMC_Off_Recreation.vcxproj", "{18EF298E-6E05-452E-98F1-F1990094E883}"
EndProject
Global
	GlobalSection(SolutionConfigurationPlatforms) = preSolution
		DebugGame|HTML5 = DebugGame|HTML5
		DebugGame|Win32 = DebugGame|Win32
		DebugGame|Win64 = DebugGame|Win64
		Development|HTML5 = Development|HTML5
		Development|Win32 = Development|Win32
		Development|Win64 = Development|Win64
		Shipping|HTML5 = Shipping|HTML5
		Shipping|Win32 = Shipping|Win32
		Shipping|Win64 = Shipping|Win64
	EndGlobalSection
	GlobalSection(ProjectConfigurationPlatforms) = postSolution
		{18EF298E-6E05-452E-98F1-F1990094E883}.DebugGame|HTML5.ActiveCfg = HTML5_DebugGame_Game|Win32
		{18EF298E-6E05-452E-98F1-F1990094E883}.DebugGame|HTML5.Build.0 = HTML5_DebugGame_Game|Win32
		{18EF298E-6E05-452E-98F1-F1990094E883}.DebugGame|Win32.ActiveCfg = DebugGame_Game|Win32
		{18EF298E-6E05-452E-98F1-F1990094E883}.DebugGame|Win32.Build.0 = DebugGame_Game|Win32
		{18EF298E-6E05-452E-98F1-F1990094E883}.DebugGame|Win64.ActiveCfg = DebugGame_Game|x64
		{18EF298E-6E05-452E-98F1-F1990094E883}.DebugGame|Win64.Build.0 = DebugGame_Game|x64
		{18EF298E-6E05-452E-98F1-F1990094E883}.Development|HTML5.ActiveCfg = HTML5_Development_Game|Win32
		{18EF298E-6E05-452E-98F1-F1990094E883}.Development|HTML5.Build.0 = HTML5_Development_Game|Win32
		{18EF298E-6E05-452E-98F1-F1990094E883}.Development|Win32.ActiveCfg = Development_Game|Win32
		{18EF298E-6E05-452E-98F1-F1990094E883}.Development|Win32.Build.0 = Development_Game|Win32
		{18EF298E-6E05-452E-98F1-F1990094E883}.Development|Win64.ActiveCfg = Development_Game|x64
		{18EF298E-6E05-452E-98F1-F1990094E883}.Development|Win64.Build.0 = Development_Game|x64
		{18EF298E-6E05-452E-98F1-F1990094E883}.Shipping|HTML5.ActiveCfg = HTML5_Shipping_Game|Win32
		{18EF298E-6E05-452E-98F1-F1990094E883}.Shipping|HTML5.Build.0 = HTML5_Shipping_Game|Win32
		{18EF298E-6E05-452E-98F1-F1990094E883}.Shipping|Win32.ActiveCfg = Shipping_Game|Win32
		{18EF298E-6E05-452E-98F1-F1990094E883}.Shipping|Win32.Build.0 = Shipping_Game|Win32
		{18EF298E-6E05-452E-98F1-F1990094E883}.Shipping|Win64.ActiveCfg = Shipping_Game|x64
		{18EF298E-6E05-452E-98F1-F1990094E883}.Shipping|Win64.Build.0 = Shipping_Game|x64
	EndGlobalSection
	GlobalSection(SolutionProperties) = preSolution
		HideSolutionNode = FALSE
	EndGlobalSection
	GlobalSection(NestedProjects) = preSolution
		{3C6504DB-942B-4650-9375-AE298C70C797} = {A15920DF-581F-4519-A935-520B029218D1}
		{18EF298E-6E05-452E-98F1-F1990094E883} = {B43E19E1-9ED9-4CF1-8218-E70CF1CA4F61}
	EndGlobalSection
EndGlobal
